
Microsoft Visual Studio Solution File, Format Version 12.00
# Visual Studio Version 17
VisualStudioVersion = 17.3.32901.215
MinimumVisualStudioVersion = 10.0.40219.1
Project("{FAE04EC0-301F-11D3-BF4B-00C04F79EFBC}") = "singly_linked_list", "singly_linked_list\singly_linked_list.csproj", "{851F64ED-7644-4A3A-AFBA-468E560AD912}"
EndProject
Global
	GlobalSection(SolutionConfigurationPlatforms) = preSolution
		Debug|Any CPU = Debug|Any CPU
		Release|Any CPU = Release|Any CPU
	EndGlobalSection
	GlobalSection(ProjectConfigurationPlatforms) = postSolution
		{851F64ED-7644-4A3A-AFBA-468E560AD912}.Debug|Any CPU.ActiveCfg = Debug|Any CPU
		{851F64ED-7644-4A3A-AFBA-468E560AD912}.Debug|Any CPU.Build.0 = Debug|Any CPU
		{851F64ED-7644-4A3A-AFBA-468E560AD912}.Release|Any CPU.ActiveCfg = Release|Any CPU
		{851F64ED-7644-4A3A-AFBA-468E560AD912}.Release|Any CPU.Build.0 = Release|Any CPU
	EndGlobalSection
	GlobalSection(SolutionProperties) = preSolution
		HideSolutionNode = FALSE
	EndGlobalSection
	GlobalSection(ExtensibilityGlobals) = postSolution
		SolutionGuid = {BEE7B087-6EE0-4109-9FFD-73904C83B637}
	EndGlobalSection
EndGlobal
